dependencies:
- name: gpu-health-monitor
  repository: ""
  version: 0.1.0
- name: mongodb-store
  repository: ""
  version: 0.1.0
- name: postgresql
  repository: ""
  version: 15.5.38
- name: fault-quarantine
  repository: ""
  version: 0.1.0
- name: node-drainer
  repository: ""
  version: 0.1.0
- name: fault-remediation
  repository: ""
  version: 0.1.0
- name: health-events-analyzer
  repository: ""
  version: 0.1.0
- name: csp-health-monitor
  repository: ""
  version: 0.1.0
- name: syslog-health-monitor
  repository: ""
  version: 0.1.0
- name: incluster-file-server
  repository: ""
  version: 0.1.0
- name: labeler
  repository: ""
  version: 0.1.0
- name: janitor
  repository: ""
  version: 0.1.0
- name: janitor-provider
  repository: ""
  version: 0.1.0
- name: metadata-collector
  repository: ""
  version: 0.1.0
- name: kubernetes-object-monitor
  repository: ""
  version: 0.1.0
- name: event-exporter
  repository: ""
  version: 0.1.0
- name: preflight
  repository: ""
  version: 0.1.0
- name: k8sdatastore-crds
  repository: ""
  version: 0.1.0
- name: slurm-drain-monitor
  repository: ""
  version: 0.1.0
- name: nic-health-monitor
  repository: ""
  version: 0.1.0
digest: sha256:edd4816901aa9e8ce323757b7d2d7dbfef2a0cfdce42ec76a0e93948f8f9ed49
generated: "2026-06-03T14:35:55.438929707+03:00"
